
Microsoft Visual Studio Solution File, Format Version 12.00
# Visual Studio Version 17
VisualStudioVersion = 17.14.36429.23 d17.14
MinimumVisualStudioVersion = 10.0.40219.1
Project("{FAE04EC0-301F-11D3-BF4B-00C04F79EFBC}") = "FinalProject_LG_JL", "FinalProject_LG_JL.csproj", "{D8010661-A827-47F8-BC72-B35BD35B713B}"
EndProject
Global
	GlobalSection(SolutionConfigurationPlatforms) = preSolution
		Debug|Any CPU = Debug|Any CPU
		Release|Any CPU = Release|Any CPU
	EndGlobalSection
	GlobalSection(ProjectConfigurationPlatforms) = postSolution
		{D8010661-A827-47F8-BC72-B35BD35B713B}.Debug|Any CPU.ActiveCfg = Debug|Any CPU
		{D8010661-A827-47F8-BC72-B35BD35B713B}.Debug|Any CPU.Build.0 = Debug|Any CPU
		{D8010661-A827-47F8-BC72-B35BD35B713B}.Release|Any CPU.ActiveCfg = Release|Any CPU
		{D8010661-A827-47F8-BC72-B35BD35B713B}.Release|Any CPU.Build.0 = Release|Any CPU
	EndGlobalSection
	GlobalSection(SolutionProperties) = preSolution
		HideSolutionNode = FALSE
	EndGlobalSection
	GlobalSection(ExtensibilityGlobals) = postSolution
		SolutionGuid = {17AFABF3-503B-4FBD-A9AE-C05B2CE7EE9E}
	EndGlobalSection
EndGlobal
